
Microsoft Visual Studio Solution File, Format Version 12.00
# Visual Studio Version 17
VisualStudioVersion = 17.8.34309.116
MinimumVisualStudioVersion = 10.0.40219.1
Project("{9A19103F-16F7-4668-BE54-9A1E7A4F7556}") = "LR1.API", "LR1.API\LR1.API.csproj", "{B9C3E801-D8BA-4210-87FF-9FDA5AF40A09}"
EndProject
Project("{9A19103F-16F7-4668-BE54-9A1E7A4F7556}") = "LR1.Client", "LR1.Client\LR1.Client.csproj", "{8E2E8B22-1E3D-4E7B-9D20-5E79DD8A1543}"
EndProject
Project("{E53339B2-1760-4266-BCC7-CA923CBCF16C}") = "docker-compose", "docker-compose.dcproj", "{2E755296-47E7-4923-A29F-1F397987A0E1}"
EndProject
Global
	GlobalSection(SolutionConfigurationPlatforms) = preSolution
		Debug|Any CPU = Debug|Any CPU
		Release|Any CPU = Release|Any CPU
	EndGlobalSection
	GlobalSection(ProjectConfigurationPlatforms) = postSolution
		{B9C3E801-D8BA-4210-87FF-9FDA5AF40A09}.Debug|Any CPU.ActiveCfg = Debug|Any CPU
		{B9C3E801-D8BA-4210-87FF-9FDA5AF40A09}.Debug|Any CPU.Build.0 = Debug|Any CPU
		{B9C3E801-D8BA-4210-87FF-9FDA5AF40A09}.Release|Any CPU.ActiveCfg = Release|Any CPU
		{B9C3E801-D8BA-4210-87FF-9FDA5AF40A09}.Release|Any CPU.Build.0 = Release|Any CPU
		{8E2E8B22-1E3D-4E7B-9D20-5E79DD8A1543}.Debug|Any CPU.ActiveCfg = Debug|Any CPU
		{8E2E8B22-1E3D-4E7B-9D20-5E79DD8A1543}.Debug|Any CPU.Build.0 = Debug|Any CPU
		{8E2E8B22-1E3D-4E7B-9D20-5E79DD8A1543}.Release|Any CPU.ActiveCfg = Release|Any CPU
		{8E2E8B22-1E3D-4E7B-9D20-5E79DD8A1543}.Release|Any CPU.Build.0 = Release|Any CPU
		{2E755296-47E7-4923-A29F-1F397987A0E1}.Debug|Any CPU.ActiveCfg = Debug|Any CPU
		{2E755296-47E7-4923-A29F-1F397987A0E1}.Debug|Any CPU.Build.0 = Debug|Any CPU
		{2E755296-47E7-4923-A29F-1F397987A0E1}.Release|Any CPU.ActiveCfg = Release|Any CPU
		{2E755296-47E7-4923-A29F-1F397987A0E1}.Release|Any CPU.Build.0 = Release|Any CPU
	EndGlobalSection
	GlobalSection(SolutionProperties) = preSolution
		HideSolutionNode = FALSE
	EndGlobalSection
	GlobalSection(ExtensibilityGlobals) = postSolution
		SolutionGuid = {4B79C0E9-F24B-46BF-AE5C-5A8DD99C6035}
	EndGlobalSection
EndGlobal
